
Microsoft Visual Studio Solution File, Format Version 12.00
# Visual Studio Version 17
VisualStudioVersion = 17.0.31903.59
MinimumVisualStudioVersion = 10.0.40219.1
Project("{FAE04EC0-301F-11D3-BF4B-00C04F79EFBC}") = "TestProject1", "TestProject1\TestProject1.csproj", "{1E16A744-5379-4454-AD06-09ABBEDA52AB}"
EndProject
Project("{2150E333-8FDC-42A3-9474-1A3956D46DE8}") = "COS20007-4", "COS20007-4", "{7D51923E-46E1-48D4-B896-52CDEE1292C1}"
EndProject
Project("{2150E333-8FDC-42A3-9474-1A3956D46DE8}") = "week3", "week3", "{A4EFD5B8-2267-4E0F-BD68-65D68DB4B695}"
EndProject
Project("{FAE04EC0-301F-11D3-BF4B-00C04F79EFBC}") = "IdentifiableObject_3.1", "COS20007-4\week3\IdentifiableObject_3.1\IdentifiableObject_3.1.csproj", "{7858BEEE-3762-49BC-A97F-FCD17CFCB0A8}"
EndProject
Global
	GlobalSection(SolutionConfigurationPlatforms) = preSolution
		Debug|Any CPU = Debug|Any CPU
		Release|Any CPU = Release|Any CPU
	EndGlobalSection
	GlobalSection(SolutionProperties) = preSolution
		HideSolutionNode = FALSE
	EndGlobalSection
	GlobalSection(ProjectConfigurationPlatforms) = postSolution
		{1E16A744-5379-4454-AD06-09ABBEDA52AB}.Debug|Any CPU.ActiveCfg = Debug|Any CPU
		{1E16A744-5379-4454-AD06-09ABBEDA52AB}.Debug|Any CPU.Build.0 = Debug|Any CPU
		{1E16A744-5379-4454-AD06-09ABBEDA52AB}.Release|Any CPU.ActiveCfg = Release|Any CPU
		{1E16A744-5379-4454-AD06-09ABBEDA52AB}.Release|Any CPU.Build.0 = Release|Any CPU
		{7858BEEE-3762-49BC-A97F-FCD17CFCB0A8}.Debug|Any CPU.ActiveCfg = Debug|Any CPU
		{7858BEEE-3762-49BC-A97F-FCD17CFCB0A8}.Debug|Any CPU.Build.0 = Debug|Any CPU
		{7858BEEE-3762-49BC-A97F-FCD17CFCB0A8}.Release|Any CPU.ActiveCfg = Release|Any CPU
		{7858BEEE-3762-49BC-A97F-FCD17CFCB0A8}.Release|Any CPU.Build.0 = Release|Any CPU
	EndGlobalSection
	GlobalSection(NestedProjects) = preSolution
		{A4EFD5B8-2267-4E0F-BD68-65D68DB4B695} = {7D51923E-46E1-48D4-B896-52CDEE1292C1}
		{7858BEEE-3762-49BC-A97F-FCD17CFCB0A8} = {A4EFD5B8-2267-4E0F-BD68-65D68DB4B695}
	EndGlobalSection
EndGlobal
